# This file is automatically @generated by Cargo.
# It is not intended for manual editing.
version = 4

[[package]]
name = "main_file"
version = "0.1.0"
dependencies = [
 "ref_cell",
 "ref_counted",
 "ref_cycles",
]

[[package]]
name = "memory_leak"
version = "0.1.0"

[[package]]
name = "ref_cell"
version = "0.1.0"

[[package]]
name = "ref_counted"
version = "0.1.0"

[[package]]
name = "ref_cycles"
version = "0.1.0"
